
Microsoft Visual Studio Solution File, Format Version 12.00
# Visual Studio Version 17
VisualStudioVersion = 17.8.34330.188
MinimumVisualStudioVersion = 10.0.40219.1
Project("{FAE04EC0-301F-11D3-BF4B-00C04F79EFBC}") = "rov_arayuz", "rov_arayuz.csproj", "{4B17CEB3-BEEB-419B-9514-E2C92817E1AD}"
EndProject
Global
	GlobalSection(SolutionConfigurationPlatforms) = preSolution
		Debug|Any CPU = Debug|Any CPU
		Release|Any CPU = Release|Any CPU
	EndGlobalSection
	GlobalSection(ProjectConfigurationPlatforms) = postSolution
		{4B17CEB3-BEEB-419B-9514-E2C92817E1AD}.Debug|Any CPU.ActiveCfg = Debug|Any CPU
		{4B17CEB3-BEEB-419B-9514-E2C92817E1AD}.Debug|Any CPU.Build.0 = Debug|Any CPU
		{4B17CEB3-BEEB-419B-9514-E2C92817E1AD}.Release|Any CPU.ActiveCfg = Release|Any CPU
		{4B17CEB3-BEEB-419B-9514-E2C92817E1AD}.Release|Any CPU.Build.0 = Release|Any CPU
	EndGlobalSection
	GlobalSection(SolutionProperties) = preSolution
		HideSolutionNode = FALSE
	EndGlobalSection
	GlobalSection(ExtensibilityGlobals) = postSolution
		SolutionGuid = {4DD5BACB-0D54-43E1-95E5-43C41F7BD433}
	EndGlobalSection
EndGlobal
